
Microsoft Visual Studio Solution File, Format Version 11.00
# Visual Studio 2010
Project("{FAE04EC0-301F-11D3-BF4B-00C04F79EFBC}") = "DataDump", "DataDump\DataDump.csproj", "{557AAA5B-FBDC-4950-B1D4-B296F7477FF5}"
EndProject
Project("{FAE04EC0-301F-11D3-BF4B-00C04F79EFBC}") = "DataDump.Terminal", "DataDump.Terminal\DataDump.Terminal.csproj", "{E551B38E-90C9-46EF-AB9D-70C016BD5D73}"
EndProject
Global
	GlobalSection(SolutionConfigurationPlatforms) = preSolution
		Debug|Any CPU = Debug|Any CPU
		Release|Any CPU = Release|Any CPU
	EndGlobalSection
	GlobalSection(ProjectConfigurationPlatforms) = postSolution
		{557AAA5B-FBDC-4950-B1D4-B296F7477FF5}.Debug|Any CPU.ActiveCfg = Debug|Any CPU
		{557AAA5B-FBDC-4950-B1D4-B296F7477FF5}.Debug|Any CPU.Build.0 = Debug|Any CPU
		{557AAA5B-FBDC-4950-B1D4-B296F7477FF5}.Release|Any CPU.ActiveCfg = Release|Any CPU
		{557AAA5B-FBDC-4950-B1D4-B296F7477FF5}.Release|Any CPU.Build.0 = Release|Any CPU
		{E551B38E-90C9-46EF-AB9D-70C016BD5D73}.Debug|Any CPU.ActiveCfg = Debug|Any CPU
		{E551B38E-90C9-46EF-AB9D-70C016BD5D73}.Debug|Any CPU.Build.0 = Debug|Any CPU
		{E551B38E-90C9-46EF-AB9D-70C016BD5D73}.Release|Any CPU.ActiveCfg = Release|Any CPU
		{E551B38E-90C9-46EF-AB9D-70C016BD5D73}.Release|Any CPU.Build.0 = Release|Any CPU
	EndGlobalSection
	GlobalSection(SolutionProperties) = preSolution
		HideSolutionNode = FALSE
	EndGlobalSection
EndGlobal
